// !$*UTF8*$!
{
	archiveVersion = 1;
	classes = {
	};
	objectVersion = 50;
	objects = {

/* Begin PBXBuildFile section */
		22426A5D261C9F6E0008AD01 /* AppDelegate.swift in Sources */ = {isa = PBXBuildFile; fileRef = 22426A5C261C9F6E0008AD01 /* AppDelegate.swift */; };
		22426A5F261C9F6E0008AD01 /* SceneDelegate.swift in Sources */ = {isa = PBXBuildFile; fileRef = 22426A5E261C9F6E0008AD01 /* SceneDelegate.swift */; };
		22426A61261C9F6E0008AD01 /* ViewController.swift in Sources */ = {isa = PBXBuildFile; fileRef = 22426A60261C9F6E0008AD01 /* ViewController.swift */; };
		22426A64261C9F6E0008AD01 /* Main.storyboard in Resources */ = {isa = PBXBuildFile; fileRef = 22426A62261C9F6E0008AD01 /* Main.storyboard */; };
		22426A66261C9F700008AD01 /* Assets.xcassets in Resources */ = {isa = PBXBuildFile; fileRef = 22426A65261C9F700008AD01 /* Assets.xcassets */; };
		22426A69261C9F700008AD01 /* LaunchScreen.storyboard in Resources */ = {isa = PBXBuildFile; fileRef = 22426A67261C9F700008AD01 /* LaunchScreen.storyboard */; };
		22426A74261C9F700008AD01 /* MyMapTests.swift in Sources */ = {isa = PBXBuildFile; fileRef = 22426A73261C9F700008AD01 /* MyMapTests.swift */; };
		22426A7F261C9F700008AD01 /* MyMapUITests.swift in Sources */ = {isa = PBXBuildFile; fileRef = 22426A7E261C9F700008AD01 /* MyMapUITests.swift */; };
/* End PBXBuildFile section */

/* Begin PBXContainerItemProxy section */
		22426A70261C9F700008AD01 /* PBXContainerItemProxy */ = {
			isa = PBXContainerItemProxy;
			containerPortal = 22426A51261C9F6E0008AD01 /* Project object */;
			proxyType = 1;
			remoteGlobalIDString = 22426A58261C9F6E0008AD01;
			remoteInfo = MyMap;
		};
		22426A7B261C9F700008AD01 /* PBXContainerItemProxy */ = {
			isa = PBXContainerItemProxy;
			containerPortal = 22426A51261C9F6E0008AD01 /* Project object */;
			proxyType = 1;
			remoteGlobalIDString = 22426A58261C9F6E0008AD01;
			remoteInfo = MyMap;
		};
/* End PBXContainerItemProxy section */

/* Begin PBXFileReference section */
		22426A59261C9F6E0008AD01 /* MyMap.app */ = {isa = PBXFileReference; explicitFileType = wrapper.application; includeInIndex = 0; path = MyMap.app; sourceTree = BUILT_PRODUCTS_DIR; };
		22426A5C261C9F6E0008AD01 /* AppDelegate.swift */ = {isa = PBXFileReference; lastKnownFileType = sourcecode.swift; path = AppDelegate.swift; sourceTree = "<group>"; };
		22426A5E261C9F6E0008AD01 /* SceneDelegate.swift */ = {isa = PBXFileReference; lastKnownFileType = sourcecode.swift; path = SceneDelegate.swift; sourceTree = "<group>"; };
		22426A60261C9F6E0008AD01 /* ViewController.swift */ = {isa = PBXFileReference; lastKnownFileType = sourcecode.swift; path = ViewController.swift; sourceTree = "<group>"; };
		22426A63261C9F6E0008AD01 /* Base */ = {isa = PBXFileReference; lastKnownFileType = file.storyboard; name = Base; path = Base.lproj/Main.storyboard; sourceTree = "<group>"; };
		22426A65261C9F700008AD01 /* Assets.xcassets */ = {isa = PBXFileReference; lastKnownFileType = folder.assetcatalog; path = Assets.xcassets; sourceTree = "<group>"; };
		22426A68261C9F700008AD01 /* Base */ = {isa = PBXFileReference; lastKnownFileType = file.storyboard; name = Base; path = Base.lproj/LaunchScreen.storyboard; sourceTree = "<group>"; };
		22426A6A261C9F700008AD01 /* Info.plist */ = {isa = PBXFileReference; lastKnownFileType = text.plist.xml; path = Info.plist; sourceTree = "<group>"; };
		22426A6F261C9F700008AD01 /* MyMapTests.xctest */ = {isa = PBXFileReference; explicitFileType = wrapper.cfbundle; includeInIndex = 0; path = MyMapTests.xctest; sourceTree = BUILT_PRODUCTS_DIR; };
		22426A73261C9F700008AD01 /* MyMapTests.swift */ = {isa = PBXFileReference; lastKnownFileType = sourcecode.swift; path = MyMapTests.swift; sourceTree = "<group>"; };
		22426A75261C9F700008AD01 /* Info.plist */ = {isa = PBXFileReference; lastKnownFileType = text.plist.xml; path = Info.plist; sourceTree = "<group>"; };
		22426A7A261C9F700008AD01 /* MyMapUITests.xctest */ = {isa = PBXFileReference; explicitFileType = wrapper.cfbundle; includeInIndex = 0; path = MyMapUITests.xctest; sourceTree = BUILT_PRODUCTS_DIR; };
		22426A7E261C9F700008AD01 /* MyMapUITests.swift */ = {isa = PBXFileReference; lastKnownFileType = sourcecode.swift; path = MyMapUITests.swift; sourceTree = "<group>"; };
		22426A80261C9F700008AD01 /* Info.plist */ = {isa = PBXFileReference; lastKnownFileType = text.plist.xml; path = Info.plist; sourceTree = "<group>"; };
/* End PBXFileReference section */

/* Begin PBXFrameworksBuildPhase section */
		22426A56261C9F6E0008AD01 /* Frameworks */ = {
			isa = PBXFrameworksBuildPhase;
			buildActionMask = 2147483647;
			files = (
			);
			runOnlyForDeploymentPostprocessing = 0;
		};
		22426A6C261C9F700008AD01 /* Frameworks */ = {
			isa = PBXFrameworksBuildPhase;
			buildActionMask = 2147483647;
			files = (
			);
			runOnlyForDeploymentPostprocessing = 0;
		};
		22426A77261C9F700008AD01 /* Frameworks */ = {
			isa = PBXFrameworksBuildPhase;
			buildActionMask = 2147483647;
			files = (
			);
			runOnlyForDeploymentPostprocessing = 0;
		};
/* End PBXFrameworksBuildPhase section */

/* Begin PBXGroup section */
		22426A50261C9F6E0008AD01 = {
			isa = PBXGroup;
			children = (
				22426A5B261C9F6E0008AD01 /* MyMap */,
				22426A72261C9F700008AD01 /* MyMapTests */,
				22426A7D261C9F700008AD01 /* MyMapUITests */,
				22426A5A261C9F6E0008AD01 /* Products */,
			);
			sourceTree = "<group>";
		};
		22426A5A261C9F6E0008AD01 /* Products */ = {
			isa = PBXGroup;
			children = (
				22426A59261C9F6E0008AD01 /* MyMap.app */,
				22426A6F261C9F700008AD01 /* MyMapTests.xctest */,
				22426A7A261C9F700008AD01 /* MyMapUITests.xctest */,
			);
			name = Products;
			sourceTree = "<group>";
		};
		22426A5B261C9F6E0008AD01 /* MyMap */ = {
			isa = PBXGroup;
			children = (
				22426A5C261C9F6E0008AD01 /* AppDelegate.swift */,
				22426A5E261C9F6E0008AD01 /* SceneDelegate.swift */,
				22426A60261C9F6E0008AD01 /* ViewController.swift */,
				22426A62261C9F6E0008AD01 /* Main.storyboard */,
				22426A65261C9F700008AD01 /* Assets.xcassets */,
				22426A67261C9F700008AD01 /* LaunchScreen.storyboard */,
				22426A6A261C9F700008AD01 /* Info.plist */,
			);
			path = MyMap;
			sourceTree = "<group>";
		};
		22426A72261C9F700008AD01 /* MyMapTests */ = {
			isa = PBXGroup;
			children = (
				22426A73261C9F700008AD01 /* MyMapTests.swift */,
				22426A75261C9F700008AD01 /* Info.plist */,
			);
			path = MyMapTests;
			sourceTree = "<group>";
		};
		22426A7D261C9F700008AD01 /* MyMapUITests */ = {
			isa = PBXGroup;
			children = (
				22426A7E261C9F700008AD01 /* MyMapUITests.swift */,
				22426A80261C9F700008AD01 /* Info.plist */,
			);
			path = MyMapUITests;
			sourceTree = "<group>";
		};
/* End PBXGroup section */

/* Begin PBXNativeTarget section */
		22426A58261C9F6E0008AD01 /* MyMap */ = {
			isa = PBXNativeTarget;
			buildConfigurationList = 22426A83261C9F700008AD01 /* Build configuration list for PBXNativeTarget "MyMap" */;
			buildPhases = (
				22426A55261C9F6E0008AD01 /* Sources */,
				22426A56261C9F6E0008AD01 /* Frameworks */,
				22426A57261C9F6E0008AD01 /* Resources */,
			);
			buildRules = (
			);
			dependencies = (
			);
			name = MyMap;
			productName = MyMap;
			productReference = 22426A59261C9F6E0008AD01 /* MyMap.app */;
			productType = "com.apple.product-type.application";
		};
		22426A6E261C9F700008AD01 /* MyMapTests */ = {
			isa = PBXNativeTarget;
			buildConfigurationList = 22426A86261C9F700008AD01 /* Build configuration list for PBXNativeTarget "MyMapTests" */;
			buildPhases = (
				22426A6B261C9F700008AD01 /* Sources */,
				22426A6C261C9F700008AD01 /* Frameworks */,
				22426A6D261C9F700008AD01 /* Resources */,
			);
			buildRules = (
			);
			dependencies = (
				22426A71261C9F700008AD01 /* PBXTargetDependency */,
			);
			name = MyMapTests;
			productName = MyMapTests;
			productReference = 22426A6F261C9F700008AD01 /* MyMapTests.xctest */;
			productType = "com.apple.product-type.bundle.unit-test";
		};
		22426A79261C9F700008AD01 /* MyMapUITests */ = {
			isa = PBXNativeTarget;
			buildConfigurationList = 22426A89261C9F700008AD01 /* Build configuration list for PBXNativeTarget "MyMapUITests" */;
			buildPhases = (
				22426A76261C9F700008AD01 /* Sources */,
				22426A77261C9F700008AD01 /* Frameworks */,
				22426A78261C9F700008AD01 /* Resources */,
			);
			buildRules = (
			);
			dependencies = (
				22426A7C261C9F700008AD01 /* PBXTargetDependency */,
			);
			name = MyMapUITests;
			productName = MyMapUITests;
			productReference = 22426A7A261C9F700008AD01 /* MyMapUITests.xctest */;
			productType = "com.apple.product-type.bundle.ui-testing";
		};
/* End PBXNativeTarget section */

/* Begin PBXProject section */
		22426A51261C9F6E0008AD01 /* Project object */ = {
			isa = PBXProject;
			attributes = {
				LastSwiftUpdateCheck = 1240;
				LastUpgradeCheck = 1240;
				TargetAttributes = {
					22426A58261C9F6E0008AD01 = {
						CreatedOnToolsVersion = 12.4;
					};
					22426A6E261C9F700008AD01 = {
						CreatedOnToolsVersion = 12.4;
						TestTargetID = 22426A58261C9F6E0008AD01;
					};
					22426A79261C9F700008AD01 = {
						CreatedOnToolsVersion = 12.4;
						TestTargetID = 22426A58261C9F6E0008AD01;
					};
				};
			};
			buildConfigurationList = 22426A54261C9F6E0008AD01 /* Build configuration list for PBXProject "MyMap" */;
			compatibilityVersion = "Xcode 9.3";
			developmentRegion = en;
			hasScannedForEncodings = 0;
			knownRegions = (
				en,
				Base,
			);
			mainGroup = 22426A50261C9F6E0008AD01;
			productRefGroup = 22426A5A261C9F6E0008AD01 /* Products */;
			projectDirPath = "";
			projectRoot = "";
			targets = (
				22426A58261C9F6E0008AD01 /* MyMap */,
				22426A6E261C9F700008AD01 /* MyMapTests */,
				22426A79261C9F700008AD01 /* MyMapUITests */,
			);
		};
/* End PBXProject section */

/* Begin PBXResourcesBuildPhase section */
		22426A57261C9F6E0008AD01 /* Resources */ = {
			isa = PBXResourcesBuildPhase;
			buildActionMask = 2147483647;
			files = (
				22426A69261C9F700008AD01 /* LaunchScreen.storyboard in Resources */,
				22426A66261C9F700008AD01 /* Assets.xcassets in Resources */,
				22426A64261C9F6E0008AD01 /* Main.storyboard in Resources */,
			);
			runOnlyForDeploymentPostprocessing = 0;
		};
		22426A6D261C9F700008AD01 /* Resources */ = {
			isa = PBXResourcesBuildPhase;
			buildActionMask = 2147483647;
			files = (
			);
			runOnlyForDeploymentPostprocessing = 0;
		};
		22426A78261C9F700008AD01 /* Resources */ = {
			isa = PBXResourcesBuildPhase;
			buildActionMask = 2147483647;
			files = (
			);
			runOnlyForDeploymentPostprocessing = 0;
		};
/* End PBXResourcesBuildPhase section */

/* Begin PBXSourcesBuildPhase section */
		22426A55261C9F6E0008AD01 /* Sources */ = {
			isa = PBXSourcesBuildPhase;
			buildActionMask = 2147483647;
			files = (
				22426A61261C9F6E0008AD01 /* ViewController.swift in Sources */,
				22426A5D261C9F6E0008AD01 /* AppDelegate.swift in Sources */,
				22426A5F261C9F6E0008AD01 /* SceneDelegate.swift in Sources */,
			);
			runOnlyForDeploymentPostprocessing = 0;
		};
		22426A6B261C9F700008AD01 /* Sources */ = {
			isa = PBXSourcesBuildPhase;
			buildActionMask = 2147483647;
			files = (
				22426A74261C9F700008AD01 /* MyMapTests.swift in Sources */,
			);
			runOnlyForDeploymentPostprocessing = 0;
		};
		22426A76261C9F700008AD01 /* Sources */ = {
			isa = PBXSourcesBuildPhase;
			buildActionMask = 2147483647;
			files = (
				22426A7F261C9F700008AD01 /* MyMapUITests.swift in Sources */,
			);
			runOnlyForDeploymentPostprocessing = 0;
		};
/* End PBXSourcesBuildPhase section */

/* Begin PBXTargetDependency section */
		22426A71261C9F700008AD01 /* PBXTargetDependency */ = {
			isa = PBXTargetDependency;
			target = 22426A58261C9F6E0008AD01 /* MyMap */;
			targetProxy = 22426A70261C9F700008AD01 /* PBXContainerItemProxy */;
		};
		22426A7C261C9F700008AD01 /* PBXTargetDependency */ = {
			isa = PBXTargetDependency;
			target = 22426A58261C9F6E0008AD01 /* MyMap */;
			targetProxy = 22426A7B261C9F700008AD01 /* PBXContainerItemProxy */;
		};
/* End PBXTargetDependency section */

/* Begin PBXVariantGroup section */
		22426A62261C9F6E0008AD01 /* Main.storyboard */ = {
			isa = PBXVariantGroup;
			children = (
				22426A63261C9F6E0008AD01 /* Base */,
			);
			name = Main.storyboard;
			sourceTree = "<group>";
		};
		22426A67261C9F700008AD01 /* LaunchScreen.storyboard */ = {
			isa = PBXVariantGroup;
			children = (
				22426A68261C9F700008AD01 /* Base */,
			);
			name = LaunchScreen.storyboard;
			sourceTree = "<group>";
		};
/* End PBXVariantGroup section */

/* Begin XCBuildConfiguration section */
		22426A81261C9F700008AD01 /* Debug */ = {
			isa = XCBuildConfiguration;
			buildSettings = {
				ALWAYS_SEARCH_USER_PATHS = NO;
				CLANG_ANALYZER_NONNULL = YES;
				CLANG_ANALYZER_NUMBER_OBJECT_CONVERSION = YES_AGGRESSIVE;
				CLANG_CXX_LANGUAGE_STANDARD = "gnu++14";
				CLANG_CXX_LIBRARY = "libc++";
				CLANG_ENABLE_MODULES = YES;
				CLANG_ENABLE_OBJC_ARC = YES;
				CLANG_ENABLE_OBJC_WEAK = YES;
				CLANG_WARN_BLOCK_CAPTURE_AUTORELEASING = YES;
				CLANG_WARN_BOOL_CONVERSION = YES;
				CLANG_WARN_COMMA = YES;
				CLANG_WARN_CONSTANT_CONVERSION = YES;
				CLANG_WARN_DEPRECATED_OBJC_IMPLEMENTATIONS = YES;
				CLANG_WARN_DIRECT_OBJC_ISA_USAGE = YES_ERROR;
				CLANG_WARN_DOCUMENTATION_COMMENTS = YES;
				CLANG_WARN_EMPTY_BODY = YES;
				CLANG_WARN_ENUM_CONVERSION = YES;
				CLANG_WARN_INFINITE_RECURSION = YES;
				CLANG_WARN_INT_CONVERSION = YES;
				CLANG_WARN_NON_LITERAL_NULL_CONVERSION = YES;
				CLANG_WARN_OBJC_IMPLICIT_RETAIN_SELF = YES;
				CLANG_WARN_OBJC_LITERAL_CONVERSION = YES;
				CLANG_WARN_OBJC_ROOT_CLASS = YES_ERROR;
				CLANG_WARN_QUOTED_INCLUDE_IN_FRAMEWORK_HEADER = YES;
				CLANG_WARN_RANGE_LOOP_ANALYSIS = YES;
				CLANG_WARN_STRICT_PROTOTYPES = YES;
				CLANG_WARN_SUSPICIOUS_MOVE = YES;
				CLANG_WARN_UNGUARDED_AVAILABILITY = YES_AGGRESSIVE;
				CLANG_WARN_UNREACHABLE_CODE = YES;
				CLANG_WARN__DUPLICATE_METHOD_MATCH = YES;
				COPY_PHASE_STRIP = NO;
				DEBUG_INFORMATION_FORMAT = dwarf;
				ENABLE_STRICT_OBJC_MSGSEND = YES;
				ENABLE_TESTABILITY = YES;
				GCC_C_LANGUAGE_STANDARD = gnu11;
				GCC_DYNAMIC_NO_PIC = NO;
				GCC_NO_COMMON_BLOCKS = YES;
				GCC_OPTIMIZATION_LEVEL = 0;
				GCC_PREPROCESSOR_DEFINITIONS = (
					"DEBUG=1",
					"$(inherited)",
				);
				GCC_WARN_64_TO_32_BIT_CONVERSION = YES;
				GCC_WARN_ABOUT_RETURN_TYPE = YES_ERROR;
				GCC_WARN_UNDECLARED_SELECTOR = YES;
				GCC_WARN_UNINITIALIZED_AUTOS = YES_AGGRESSIVE;
				GCC_WARN_UNUSED_FUNCTION = YES;
				GCC_WARN_UNUSED_VARIABLE = YES;
				IPHONEOS_DEPLOYMENT_TARGET = 14.4;
				MTL_ENABLE_DEBUG_INFO = INCLUDE_SOURCE;
				MTL_FAST_MATH = YES;
				ONLY_ACTIVE_ARCH = YES;
				SDKROOT = iphoneos;
				SWIFT_ACTIVE_COMPILATION_CONDITIONS = DEBUG;
				SWIFT_OPTIMIZATION_LEVEL = "-Onone";
			};
			name = Debug;
		};
		22426A82261C9F700008AD01 /* Release */ = {
			isa = XCBuildConfiguration;
			buildSettings = {
				ALWAYS_SEARCH_USER_PATHS = NO;
				CLANG_ANALYZER_NONNULL = YES;
				CLANG_ANALYZER_NUMBER_OBJECT_CONVERSION = YES_AGGRESSIVE;
				CLANG_CXX_LANGUAGE_STANDARD = "gnu++14";
				CLANG_CXX_LIBRARY = "libc++";
				CLANG_ENABLE_MODULES = YES;
				CLANG_ENABLE_OBJC_ARC = YES;
				CLANG_ENABLE_OBJC_WEAK = YES;
				CLANG_WARN_BLOCK_CAPTURE_AUTORELEASING = YES;
				CLANG_WARN_BOOL_CONVERSION = YES;
				CLANG_WARN_COMMA = YES;
				CLANG_WARN_CONSTANT_CONVERSION = YES;
				CLANG_WARN_DEPRECATED_OBJC_IMPLEMENTATIONS = YES;
				CLANG_WARN_DIRECT_OBJC_ISA_USAGE = YES_ERROR;
				CLANG_WARN_DOCUMENTATION_COMMENTS = YES;
				CLANG_WARN_EMPTY_BODY = YES;
				CLANG_WARN_ENUM_CONVERSION = YES;
				CLANG_WARN_INFINITE_RECURSION = YES;
				CLANG_WARN_INT_CONVERSION = YES;
				CLANG_WARN_NON_LITERAL_NULL_CONVERSION = YES;
				CLANG_WARN_OBJC_IMPLICIT_RETAIN_SELF = YES;
				CLANG_WARN_OBJC_LITERAL_CONVERSION = YES;
				CLANG_WARN_OBJC_ROOT_CLASS = YES_ERROR;
				CLANG_WARN_QUOTED_INCLUDE_IN_FRAMEWORK_HEADER = YES;
				CLANG_WARN_RANGE_LOOP_ANALYSIS = YES;
				CLANG_WARN_STRICT_PROTOTYPES = YES;
				CLANG_WARN_SUSPICIOUS_MOVE = YES;
				CLANG_WARN_UNGUARDED_AVAILABILITY = YES_AGGRESSIVE;
				CLANG_WARN_UNREACHABLE_CODE = YES;
				CLANG_WARN__DUPLICATE_METHOD_MATCH = YES;
				COPY_PHASE_STRIP = NO;
				DEBUG_INFORMATION_FORMAT = "dwarf-with-dsym";
				ENABLE_NS_ASSERTIONS = NO;
				ENABLE_STRICT_OBJC_MSGSEND = YES;
				GCC_C_LANGUAGE_STANDARD = gnu11;
				GCC_NO_COMMON_BLOCKS = YES;
				GCC_WARN_64_TO_32_BIT_CONVERSION = YES;
				GCC_WARN_ABOUT_RETURN_TYPE = YES_ERROR;
				GCC_WARN_UNDECLARED_SELECTOR = YES;
				GCC_WARN_UNINITIALIZED_AUTOS = YES_AGGRESSIVE;
				GCC_WARN_UNUSED_FUNCTION = YES;
				GCC_WARN_UNUSED_VARIABLE = YES;
				IPHONEOS_DEPLOYMENT_TARGET = 14.4;
				MTL_ENABLE_DEBUG_INFO = NO;
				MTL_FAST_MATH = YES;
				SDKROOT = iphoneos;
				SWIFT_COMPILATION_MODE = wholemodule;
				SWIFT_OPTIMIZATION_LEVEL = "-O";
				VALIDATE_PRODUCT = YES;
			};
			name = Release;
		};
		22426A84261C9F700008AD01 /* Debug */ = {
			isa = XCBuildConfiguration;
			buildSettings = {
				ASSETCATALOG_COMPILER_APPICON_NAME = AppIcon;
				ASSETCATALOG_COMPILER_GLOBAL_ACCENT_COLOR_NAME = AccentColor;
				CODE_SIGN_STYLE = Automatic;
				DEVELOPMENT_TEAM = H44SGQ9PNQ;
				INFOPLIST_FILE = MyMap/Info.plist;
				LD_RUNPATH_SEARCH_PATHS = (
					"$(inherited)",
					"@executable_path/Frameworks",
				);
				PRODUCT_BUNDLE_IDENTIFIER = moritani.MyMap;
				PRODUCT_NAME = "$(TARGET_NAME)";
				SWIFT_VERSION = 5.0;
				TARGETED_DEVICE_FAMILY = "1,2";
			};
			name = Debug;
		};
		22426A85261C9F700008AD01 /* Release */ = {
			isa = XCBuildConfiguration;
			buildSettings = {
				ASSETCATALOG_COMPILER_APPICON_NAME = AppIcon;
				ASSETCATALOG_COMPILER_GLOBAL_ACCENT_COLOR_NAME = AccentColor;
				CODE_SIGN_STYLE = Automatic;
				DEVELOPMENT_TEAM = H44SGQ9PNQ;
				INFOPLIST_FILE = MyMap/Info.plist;
				LD_RUNPATH_SEARCH_PATHS = (
					"$(inherited)",
					"@executable_path/Frameworks",
				);
				PRODUCT_BUNDLE_IDENTIFIER = moritani.MyMap;
				PRODUCT_NAME = "$(TARGET_NAME)";
				SWIFT_VERSION = 5.0;
				TARGETED_DEVICE_FAMILY = "1,2";
			};
			name = Release;
		};
		22426A87261C9F700008AD01 /* Debug */ = {
			isa = XCBuildConfiguration;
			buildSettings = {
				ALWAYS_EMBED_SWIFT_STANDARD_LIBRARIES = YES;
				BUNDLE_LOADER = "$(TEST_HOST)";
				CODE_SIGN_STYLE = Automatic;
				DEVELOPMENT_TEAM = H44SGQ9PNQ;
				INFOPLIST_FILE = MyMapTests/Info.plist;
				IPHONEOS_DEPLOYMENT_TARGET = 14.4;
				LD_RUNPATH_SEARCH_PATHS = (
					"$(inherited)",
					"@executable_path/Frameworks",
					"@loader_path/Frameworks",
				);
				PRODUCT_BUNDLE_IDENTIFIER = moritani.MyMapTests;
				PRODUCT_NAME = "$(TARGET_NAME)";
				SWIFT_VERSION = 5.0;
				TARGETED_DEVICE_FAMILY = "1,2";
				TEST_HOST = "$(BUILT_PRODUCTS_DIR)/MyMap.app/MyMap";
			};
			name = Debug;
		};
		22426A88261C9F700008AD01 /* Release */ = {
			isa = XCBuildConfiguration;
			buildSettings = {
				ALWAYS_EMBED_SWIFT_STANDARD_LIBRARIES = YES;
				BUNDLE_LOADER = "$(TEST_HOST)";
				CODE_SIGN_STYLE = Automatic;
				DEVELOPMENT_TEAM = H44SGQ9PNQ;
				INFOPLIST_FILE = MyMapTests/Info.plist;
				IPHONEOS_DEPLOYMENT_TARGET = 14.4;
				LD_RUNPATH_SEARCH_PATHS = (
					"$(inherited)",
					"@executable_path/Frameworks",
					"@loader_path/Frameworks",
				);
				PRODUCT_BUNDLE_IDENTIFIER = moritani.MyMapTests;
				PRODUCT_NAME = "$(TARGET_NAME)";
				SWIFT_VERSION = 5.0;
				TARGETED_DEVICE_FAMILY = "1,2";
				TEST_HOST = "$(BUILT_PRODUCTS_DIR)/MyMap.app/MyMap";
			};
			name = Release;
		};
		22426A8A261C9F700008AD01 /* Debug */ = {
			isa = XCBuildConfiguration;
			buildSettings = {
				ALWAYS_EMBED_SWIFT_STANDARD_LIBRARIES = YES;
				CODE_SIGN_STYLE = Automatic;
				DEVELOPMENT_TEAM = H44SGQ9PNQ;
				INFOPLIST_FILE = MyMapUITests/Info.plist;
				LD_RUNPATH_SEARCH_PATHS = (
					"$(inherited)",
					"@executable_path/Frameworks",
					"@loader_path/Frameworks",
				);
				PRODUCT_BUNDLE_IDENTIFIER = moritani.MyMapUITests;
				PRODUCT_NAME = "$(TARGET_NAME)";
				SWIFT_VERSION = 5.0;
				TARGETED_DEVICE_FAMILY = "1,2";
				TEST_TARGET_NAME = MyMap;
			};
			name = Debug;
		};
		22426A8B261C9F700008AD01 /* Release */ = {
			isa = XCBuildConfiguration;
			buildSettings = {
				ALWAYS_EMBED_SWIFT_STANDARD_LIBRARIES = YES;
				CODE_SIGN_STYLE = Automatic;
				DEVELOPMENT_TEAM = H44SGQ9PNQ;
				INFOPLIST_FILE = MyMapUITests/Info.plist;
				LD_RUNPATH_SEARCH_PATHS = (
					"$(inherited)",
					"@executable_path/Frameworks",
					"@loader_path/Frameworks",
				);
				PRODUCT_BUNDLE_IDENTIFIER = moritani.MyMapUITests;
				PRODUCT_NAME = "$(TARGET_NAME)";
				SWIFT_VERSION = 5.0;
				TARGETED_DEVICE_FAMILY = "1,2";
				TEST_TARGET_NAME = MyMap;
			};
			name = Release;
		};
/* End XCBuildConfiguration section */

/* Begin XCConfigurationList section */
		22426A54261C9F6E0008AD01 /* Build configuration list for PBXProject "MyMap" */ = {
			isa = XCConfigurationList;
			buildConfigurations = (
				22426A81261C9F700008AD01 /* Debug */,
				22426A82261C9F700008AD01 /* Release */,
			);
			defaultConfigurationIsVisible = 0;
			defaultConfigurationName = Release;
		};
		22426A83261C9F700008AD01 /* Build configuration list for PBXNativeTarget "MyMap" */ = {
			isa = XCConfigurationList;
			buildConfigurations = (
				22426A84261C9F700008AD01 /* Debug */,
				22426A85261C9F700008AD01 /* Release */,
			);
			defaultConfigurationIsVisible = 0;
			defaultConfigurationName = Release;
		};
		22426A86261C9F700008AD01 /* Build configuration list for PBXNativeTarget "MyMapTests" */ = {
			isa = XCConfigurationList;
			buildConfigurations = (
				22426A87261C9F700008AD01 /* Debug */,
				22426A88261C9F700008AD01 /* Release */,
			);
			defaultConfigurationIsVisible = 0;
			defaultConfigurationName = Release;
		};
		22426A89261C9F700008AD01 /* Build configuration list for PBXNativeTarget "MyMapUITests" */ = {
			isa = XCConfigurationList;
			buildConfigurations = (
				22426A8A261C9F700008AD01 /* Debug */,
				22426A8B261C9F700008AD01 /* Release */,
			);
			defaultConfigurationIsVisible = 0;
			defaultConfigurationName = Release;
		};
/* End XCConfigurationList section */
	};
	rootObject = 22426A51261C9F6E0008AD01 /* Project object */;
}
